github.com/gorilla/mux v1.8.1 h1:TuBL49tXwgrFYWhqrNgrUNEY92u81SPhu7sTdzQEiWY=
github.com/gorilla/mux v1.8.1/go.mod h1:AKf9I4AEqPTmMytcMc0KkNouC66V3BtZ4qD5fmWSiMQ=
github.com/sijms/go-ora/v2 v2.8.24 h1:TODRWjWGwJ1VlBOhbTLat+diTYe8HXq2soJeB+HMjnw=
github.com/sijms/go-ora/v2 v2.8.24/go.mod h1:QgFInVi3ZWyqAiJwzBQA+nbKYKH77tdp1PYoCqhR2dU=
